github.com/cloudflare/circl v1.6.2 h1:hL7VBpHHKzrV5WTfHCaBsgx/HGbBYlgrwvNXEVDYYsQ=
github.com/cloudflare/circl v1.6.2/go.mod h1:2eXP6Qfat4O/Yhh8BznvKnJ+uzEoTQ6jVKJRn81BiS4=
github.com/k-atusa/USAG-Lib v0.0.0-20260125014241-086055a4cb89 h1:3y5XprjB3h1Yfz/kaXqFHrlVu4oVECc4w2hBi5ARLQM=
github.com/k-atusa/USAG-Lib v0.0.0-20260125014241-086055a4cb89/go.mod h1:uDWZyvMAh1nlzTEHvEZor8KlJPsEu6hCMR/WhsozAuI=
golang.org/x/crypto v0.47.0 h1:V6e3FRj+n4dbpw86FJ8Fv7XVOql7TEwpHapKoMJ/GO8=
golang.org/x/crypto v0.47.0/go.mod h1:ff3Y9VzzKbwSSEzWqJsJVBnWmRwRSHt/6Op5n9bQc4A=
golang.org/x/sys v0.40.0 h1:DBZZqJ2Rkml6QMQsZywtnjnnGvHza6BTfYFWY9kjEWQ=
golang.org/x/sys v0.40.0/go.mod h1:OgkHotnGiDImocRcuBABYBEXf8A9a87e/uXjp9XT3ks=
